
Microsoft Visual Studio Solution File, Format Version 12.00
# Visual Studio 15
VisualStudioVersion = 15.0.28010.2036
MinimumVisualStudioVersion = 10.0.40219.1
Project("{FAE04EC0-301F-11D3-BF4B-00C04F79EFBC}") = "LabSch", "LabSch\LabSch.csproj", "{62E8F32E-4A31-47C5-8595-0E464A1B8AD7}"
EndProject
Global
	GlobalSection(SolutionConfigurationPlatforms) = preSolution
		Debug|Any CPU = Debug|Any CPU
		Release|Any CPU = Release|Any CPU
	EndGlobalSection
	GlobalSection(ProjectConfigurationPlatforms) = postSolution
		{62E8F32E-4A31-47C5-8595-0E464A1B8AD7}.Debug|Any CPU.ActiveCfg = Debug|Any CPU
		{62E8F32E-4A31-47C5-8595-0E464A1B8AD7}.Debug|Any CPU.Build.0 = Debug|Any CPU
		{62E8F32E-4A31-47C5-8595-0E464A1B8AD7}.Release|Any CPU.ActiveCfg = Release|Any CPU
		{62E8F32E-4A31-47C5-8595-0E464A1B8AD7}.Release|Any CPU.Build.0 = Release|Any CPU
	EndGlobalSection
	GlobalSection(SolutionProperties) = preSolution
		HideSolutionNode = FALSE
	EndGlobalSection
	GlobalSection(ExtensibilityGlobals) = postSolution
		SolutionGuid = {5064B0FB-E4B2-4BE6-988E-F55572C3FC65}
	EndGlobalSection
EndGlobal
